{
  "name": "atom-css-comb",
  "version": "3.1.0",
  "lockfileVersion": 1,
  "dependencies": {
    "atom-space-pen-views": {
      "version": "https://registry.npmjs.org/atom-space-pen-views/-/atom-space-pen-views-2.0.3.tgz",
      "integrity": "sha1-ExC9YkWddpSlk5/17DxisGC65Yc="
    },
    "babel-polyfill": {
      "version": "6.23.0",
      "resolved": "https://registry.npmjs.org/babel-polyfill/-/babel-polyfill-6.23.0.tgz",
      "integrity": "sha1-g2TKYt+Or7gwSZ9pkXdGbDsDSZ0="
    },
    "babel-runtime": {
      "version": "6.23.0",
      "resolved": "https://registry.npmjs.org/babel-runtime/-/babel-runtime-6.23.0.tgz",
      "integrity": "sha1-CpSJ8UTecO+zzkMArM2zKeL8VDs="
    },
    "balanced-match": {
      "version": "1.0.0",
      "resolved": "https://registry.npmjs.org/balanced-match/-/balanced-match-1.0.0.tgz",
      "integrity": "sha1-ibTRmasr7kneFk6gK4nORi1xt2c="
    },
    "brace-expansion": {
      "version": "1.1.8",
      "resolved": "https://registry.npmjs.org/brace-expansion/-/brace-expansion-1.1.8.tgz",
      "integrity": "sha1-wHshHHyVLsH479Uad+8NHTmQopI="
    },
    "concat-map": {
      "version": "0.0.1",
      "resolved": "https://registry.npmjs.org/concat-map/-/concat-map-0.0.1.tgz",
      "integrity": "sha1-2Klr13/Wjfd5OnMDajug1UBdR3s="
    },
    "core-js": {
      "version": "2.4.1",
      "resolved": "https://registry.npmjs.org/core-js/-/core-js-2.4.1.tgz",
      "integrity": "sha1-TekR5mew6ukSTjQlS1OupvxhjT4="
    },
    "csscomb": {
      "version": "4.2.0",
      "resolved": "https://registry.npmjs.org/csscomb/-/csscomb-4.2.0.tgz",
      "integrity": "sha512-HXXCSVTpHck64PUMIn/2I8auBGmIpx+cD/Hs+KnYH+p9iaMTN0cd38l22qYVp8vEp6v9w+Bbi0SD8iN8fgrINg==",
      "dependencies": {
        "glob": {
          "version": "7.1.2",
          "resolved": "https://registry.npmjs.org/glob/-/glob-7.1.2.tgz",
          "integrity": "sha512-MJTUg1kjuLeQCJ+ccE4Vpa6kKVXkPYJ2mOCQyUuKLcLQsdrMCpBPUi8qVE6+YuaJkozeA9NusTAw3hLr8Xe5EQ==",
          "dependencies": {
            "minimatch": {
              "version": "3.0.4",
              "resolved": "https://registry.npmjs.org/minimatch/-/minimatch-3.0.4.tgz",
              "integrity": "sha512-yJHVQEhyqPLUTgt9B83PXu6W3rx4MvvHvSUvToogpwoGDOUQ+yDrR0HRot+yOCdCO7u4hX3pWft6kWBBcqh0UA=="
            }
          }
        },
        "gonzales-pe": {
          "version": "3.4.7",
          "resolved": "https://registry.npmjs.org/gonzales-pe/-/gonzales-pe-3.4.7.tgz",
          "integrity": "sha1-F8e+Z61sr/Ynej44esc26YPSgOw="
        },
        "minimatch": {
          "version": "3.0.2",
          "resolved": "https://registry.npmjs.org/minimatch/-/minimatch-3.0.2.tgz",
          "integrity": "sha1-DzmKcwDqRB6cNIyD2Yq4ydv5xAo="
        },
        "vow-fs": {
          "version": "0.3.6",
          "resolved": "https://registry.npmjs.org/vow-fs/-/vow-fs-0.3.6.tgz",
          "integrity": "sha1-LUxZviLivyYY3fWXq0uqkjvnIA0=",
          "dependencies": {
            "vow": {
              "version": "0.4.16",
              "resolved": "https://registry.npmjs.org/vow/-/vow-0.4.16.tgz",
              "integrity": "sha1-u51U2TjV+AUg1linQOeoleMP7us="
            }
          }
        },
        "vow-queue": {
          "version": "0.4.2",
          "resolved": "https://registry.npmjs.org/vow-queue/-/vow-queue-0.4.2.tgz",
          "integrity": "sha1-5/4XFg4Vx8QYTRtmapvGThjjAYQ="
        }
      }
    },
    "d": {
      "version": "https://registry.npmjs.org/d/-/d-0.1.1.tgz",
      "integrity": "sha1-2hhMU10Y2O57oqoim5FACfrhEwk="
    },
    "emissary": {
      "version": "https://registry.npmjs.org/emissary/-/emissary-1.3.3.tgz",
      "integrity": "sha1-phjZLWgrIy0xER3DYlpd9mF5lgY="
    },
    "es5-ext": {
      "version": "https://registry.npmjs.org/es5-ext/-/es5-ext-0.10.12.tgz",
      "integrity": "sha1-qoRkHU23a2Krul5F/YBey6sUAEc=",
      "dependencies": {
        "es6-iterator": {
          "version": "https://registry.npmjs.org/es6-iterator/-/es6-iterator-2.0.0.tgz",
          "integrity": "sha1-vZaFZ9YWNeM8C4BydhPJy0sJa6w="
        },
        "es6-symbol": {
          "version": "https://registry.npmjs.org/es6-symbol/-/es6-symbol-3.1.0.tgz",
          "integrity": "sha1-lEgcZV56fK2C66gy2X1UM0ltf/o="
        }
      }
    },
    "es6-iterator": {
      "version": "https://registry.npmjs.org/es6-iterator/-/es6-iterator-0.1.3.tgz",
      "integrity": "sha1-1vWLjE/EE8JJtLqhl2j45NfIlE4="
    },
    "es6-symbol": {
      "version": "https://registry.npmjs.org/es6-symbol/-/es6-symbol-2.0.1.tgz",
      "integrity": "sha1-dhtcZ8/U8dGK+yNPaR1nhoLLO/M="
    },
    "es6-weak-map": {
      "version": "https://registry.npmjs.org/es6-weak-map/-/es6-weak-map-0.1.4.tgz",
      "integrity": "sha1-cGzvnpmqI2undmwjnIueKG6n0ig="
    },
    "fs.realpath": {
      "version": "1.0.0",
      "resolved": "https://registry.npmjs.org/fs.realpath/-/fs.realpath-1.0.0.tgz",
      "integrity": "sha1-FQStJSMVjKpA20onh8sBQRmU6k8="
    },
    "fuzzaldrin": {
      "version": "https://registry.npmjs.org/fuzzaldrin/-/fuzzaldrin-2.1.0.tgz",
      "integrity": "sha1-kCBMPi/appQbso0WZF1BgGOpDps="
    },
    "grim": {
      "version": "https://registry.npmjs.org/grim/-/grim-1.5.0.tgz",
      "integrity": "sha1-sysI71Z88YUvgXWe2caLDXE5ajI="
    },
    "inflight": {
      "version": "1.0.6",
      "resolved": "https://registry.npmjs.org/inflight/-/inflight-1.0.6.tgz",
      "integrity": "sha1-Sb1jMdfQLQwJvJEKEHW6gWW1bfk="
    },
    "inherits": {
      "version": "https://registry.npmjs.org/inherits/-/inherits-2.0.3.tgz",
      "integrity": "sha1-Yzwsg+PaQqUC9SRmAiSA9CCCYd4="
    },
    "jquery": {
      "version": "https://registry.npmjs.org/jquery/-/jquery-2.1.4.tgz",
      "integrity": "sha1-IoveaYoMYUMdwmMKahVPFYkNIxc="
    },
    "minimist": {
      "version": "1.1.3",
      "resolved": "https://registry.npmjs.org/minimist/-/minimist-1.1.3.tgz",
      "integrity": "sha1-O+39kaktOQFvz6ocaB6Pqhoe/ag="
    },
    "mixto": {
      "version": "https://registry.npmjs.org/mixto/-/mixto-1.0.0.tgz",
      "integrity": "sha1-wyDvYbUvKJj1IuF9i7xtUG2EJbY="
    },
    "once": {
      "version": "1.4.0",
      "resolved": "https://registry.npmjs.org/once/-/once-1.4.0.tgz",
      "integrity": "sha1-WDsap3WWHUsROsF9nFC6753Xa9E="
    },
    "path-is-absolute": {
      "version": "1.0.1",
      "resolved": "https://registry.npmjs.org/path-is-absolute/-/path-is-absolute-1.0.1.tgz",
      "integrity": "sha1-F0uSaHNVNP+8es5r9TpanhtcX18="
    },
    "property-accessors": {
      "version": "https://registry.npmjs.org/property-accessors/-/property-accessors-1.1.3.tgz",
      "integrity": "sha1-Hd6EAkYxhlkJ7zBwM2VoDF+SixU="
    },
    "regenerator-runtime": {
      "version": "0.10.5",
      "resolved": "https://registry.npmjs.org/regenerator-runtime/-/regenerator-runtime-0.10.5.tgz",
      "integrity": "sha1-M2w+/BIgrc7dosn6tntaeVWjNlg="
    },
    "space-pen": {
      "version": "https://registry.npmjs.org/space-pen/-/space-pen-5.1.2.tgz",
      "integrity": "sha1-Ivu+EOCwROe3pHsCPamdlLWE748="
    },
    "underscore": {
      "version": "https://registry.npmjs.org/underscore/-/underscore-1.6.0.tgz",
      "integrity": "sha1-izixDKze9jM3uLJOT/htRa6lKag="
    },
    "underscore-plus": {
      "version": "https://registry.npmjs.org/underscore-plus/-/underscore-plus-1.6.6.tgz",
      "integrity": "sha1-ZezeG9xEGjXYnmUP1w3PE65Dmn0="
    },
    "uuid": {
      "version": "2.0.3",
      "resolved": "https://registry.npmjs.org/uuid/-/uuid-2.0.3.tgz",
      "integrity": "sha1-Z+LoY3lyFVMN/zGOW/nc6/1Hsho="
    },
    "vow": {
      "version": "https://registry.npmjs.org/vow/-/vow-0.4.4.tgz",
      "integrity": "sha1-yf5GCRKdf1qmIVCOvmS1HJW8e5g="
    },
    "wrappy": {
      "version": "1.0.2",
      "resolved": "https://registry.npmjs.org/wrappy/-/wrappy-1.0.2.tgz",
      "integrity": "sha1-tSQ9jz7BqjXxNkYFvA0QNuMKtp8="
    }
  }
}
